
Microsoft Visual Studio Solution File, Format Version 12.00
# Visual Studio Version 17
VisualStudioVersion = 17.0.31903.59
MinimumVisualStudioVersion = 10.0.40219.1
Project("{FAE04EC0-301F-11D3-BF4B-00C04F79EFBC}") = "ArchSim.Domain", "ArchSim.Domain\ArchSim.Domain.csproj", "{55FB9171-225F-4485-B228-2D802837F984}"
EndProject
Project("{FAE04EC0-301F-11D3-BF4B-00C04F79EFBC}") = "ArchSim.Domain.Tests", "ArchSim.Domain.Tests\ArchSim.Domain.Tests.csproj", "{101365D4-3EB8-496A-AB19-B7F540CEE706}"
EndProject
Project("{FAE04EC0-301F-11D3-BF4B-00C04F79EFBC}") = "ArchSim.Azure", "ArchSim.Azure\ArchSim.Azure.csproj", "{E09B5DEF-BA97-4C0F-B142-FFB5D223251D}"
EndProject
Project("{FAE04EC0-301F-11D3-BF4B-00C04F79EFBC}") = "ArchSim.Azure.Tests", "ArchSim.Azure.Tests\ArchSim.Azure.Tests.csproj", "{A2A1CB39-2EF4-4FE4-8567-04D2E05FE644}"
EndProject
Project("{FAE04EC0-301F-11D3-BF4B-00C04F79EFBC}") = "ArchSim.Application", "ArchSim.Application\ArchSim.Application.csproj", "{09330763-1919-4330-9450-EA6247BBAF28}"
EndProject
Project("{FAE04EC0-301F-11D3-BF4B-00C04F79EFBC}") = "ArchSim.Application.Tests", "ArchSim.Application.Tests\ArchSim.Application.Tests.csproj", "{1CAB8CC1-4793-44EB-A03B-F119A6E43E28}"
EndProject
Global
	GlobalSection(SolutionConfigurationPlatforms) = preSolution
		Debug|Any CPU = Debug|Any CPU
		Release|Any CPU = Release|Any CPU
	EndGlobalSection
	GlobalSection(SolutionProperties) = preSolution
		HideSolutionNode = FALSE
	EndGlobalSection
	GlobalSection(ProjectConfigurationPlatforms) = postSolution
		{55FB9171-225F-4485-B228-2D802837F984}.Debug|Any CPU.ActiveCfg = Debug|Any CPU
		{55FB9171-225F-4485-B228-2D802837F984}.Debug|Any CPU.Build.0 = Debug|Any CPU
		{55FB9171-225F-4485-B228-2D802837F984}.Release|Any CPU.ActiveCfg = Release|Any CPU
		{55FB9171-225F-4485-B228-2D802837F984}.Release|Any CPU.Build.0 = Release|Any CPU
		{101365D4-3EB8-496A-AB19-B7F540CEE706}.Debug|Any CPU.ActiveCfg = Debug|Any CPU
		{101365D4-3EB8-496A-AB19-B7F540CEE706}.Debug|Any CPU.Build.0 = Debug|Any CPU
		{101365D4-3EB8-496A-AB19-B7F540CEE706}.Release|Any CPU.ActiveCfg = Release|Any CPU
		{101365D4-3EB8-496A-AB19-B7F540CEE706}.Release|Any CPU.Build.0 = Release|Any CPU
		{E09B5DEF-BA97-4C0F-B142-FFB5D223251D}.Debug|Any CPU.ActiveCfg = Debug|Any CPU
		{E09B5DEF-BA97-4C0F-B142-FFB5D223251D}.Debug|Any CPU.Build.0 = Debug|Any CPU
		{E09B5DEF-BA97-4C0F-B142-FFB5D223251D}.Release|Any CPU.ActiveCfg = Release|Any CPU
		{E09B5DEF-BA97-4C0F-B142-FFB5D223251D}.Release|Any CPU.Build.0 = Release|Any CPU
		{A2A1CB39-2EF4-4FE4-8567-04D2E05FE644}.Debug|Any CPU.ActiveCfg = Debug|Any CPU
		{A2A1CB39-2EF4-4FE4-8567-04D2E05FE644}.Debug|Any CPU.Build.0 = Debug|Any CPU
		{A2A1CB39-2EF4-4FE4-8567-04D2E05FE644}.Release|Any CPU.ActiveCfg = Release|Any CPU
		{A2A1CB39-2EF4-4FE4-8567-04D2E05FE644}.Release|Any CPU.Build.0 = Release|Any CPU
		{09330763-1919-4330-9450-EA6247BBAF28}.Debug|Any CPU.ActiveCfg = Debug|Any CPU
		{09330763-1919-4330-9450-EA6247BBAF28}.Debug|Any CPU.Build.0 = Debug|Any CPU
		{09330763-1919-4330-9450-EA6247BBAF28}.Release|Any CPU.ActiveCfg = Release|Any CPU
		{09330763-1919-4330-9450-EA6247BBAF28}.Release|Any CPU.Build.0 = Release|Any CPU
		{1CAB8CC1-4793-44EB-A03B-F119A6E43E28}.Debug|Any CPU.ActiveCfg = Debug|Any CPU
		{1CAB8CC1-4793-44EB-A03B-F119A6E43E28}.Debug|Any CPU.Build.0 = Debug|Any CPU
		{1CAB8CC1-4793-44EB-A03B-F119A6E43E28}.Release|Any CPU.ActiveCfg = Release|Any CPU
		{1CAB8CC1-4793-44EB-A03B-F119A6E43E28}.Release|Any CPU.Build.0 = Release|Any CPU
	EndGlobalSection
EndGlobal
